// !$*UTF8*$!
{
	archiveVersion = 1;
	classes = {
	};
	objectVersion = 46;
	objects = {

/* Begin PBXBuildFile section */
		49205F701C0C92A200723E81 /* Test.swift in Sources */ = {isa = PBXBuildFile; fileRef = 49205F6F1C0C92A200723E81 /* Test.swift */; settings = {ASSET_TAGS = (); }; };
		493748971C0B35AC000C36E4 /* AppDelegate.swift in Sources */ = {isa = PBXBuildFile; fileRef = 493748961C0B35AC000C36E4 /* AppDelegate.swift */; };
		493748991C0B35AC000C36E4 /* ViewController.swift in Sources */ = {isa = PBXBuildFile; fileRef = 493748981C0B35AC000C36E4 /* ViewController.swift */; };
		4937489C1C0B35AC000C36E4 /* Main.storyboard in Resources */ = {isa = PBXBuildFile; fileRef = 4937489A1C0B35AC000C36E4 /* Main.storyboard */; };
		4937489E1C0B35AC000C36E4 /* Assets.xcassets in Resources */ = {isa = PBXBuildFile; fileRef = 4937489D1C0B35AC000C36E4 /* Assets.xcassets */; };
		493748A11C0B35AC000C36E4 /* LaunchScreen.storyboard in Resources */ = {isa = PBXBuildFile; fileRef = 4937489F1C0B35AC000C36E4 /* LaunchScreen.storyboard */; };
		493748AC1C0B35AC000C36E4 /* PHEventsCenterTests.swift in Sources */ = {isa = PBXBuildFile; fileRef = 493748AB1C0B35AC000C36E4 /* PHEventsCenterTests.swift */; };
		493748B71C0B35AC000C36E4 /* PHEventsCenterUITests.swift in Sources */ = {isa = PBXBuildFile; fileRef = 493748B61C0B35AC000C36E4 /* PHEventsCenterUITests.swift */; };
		493748C71C0B37D4000C36E4 /* PHEventsCenter.swift in Sources */ = {isa = PBXBuildFile; fileRef = 493748C61C0B37D4000C36E4 /* PHEventsCenter.swift */; settings = {ASSET_TAGS = (); }; };
		493748C91C0B37E3000C36E4 /* PHBasicEvent.swift in Sources */ = {isa = PBXBuildFile; fileRef = 493748C81C0B37E3000C36E4 /* PHBasicEvent.swift */; settings = {ASSET_TAGS = (); }; };
		493748CB1C0C457B000C36E4 /* Bob.swift in Sources */ = {isa = PBXBuildFile; fileRef = 493748CA1C0C457B000C36E4 /* Bob.swift */; settings = {ASSET_TAGS = (); }; };
		493748CD1C0C4585000C36E4 /* Kevin.swift in Sources */ = {isa = PBXBuildFile; fileRef = 493748CC1C0C4585000C36E4 /* Kevin.swift */; settings = {ASSET_TAGS = (); }; };
		493748D11C0C5FB5000C36E4 /* YourProjectEvents.swift in Sources */ = {isa = PBXBuildFile; fileRef = 493748D01C0C5FB5000C36E4 /* YourProjectEvents.swift */; settings = {ASSET_TAGS = (); }; };
		493748D31C0C82EC000C36E4 /* PHEventCenterProtocols.swift in Sources */ = {isa = PBXBuildFile; fileRef = 493748D21C0C82EC000C36E4 /* PHEventCenterProtocols.swift */; settings = {ASSET_TAGS = (); }; };
		4938A1141C158BC800ECFEC9 /* Stuart.swift in Sources */ = {isa = PBXBuildFile; fileRef = 4938A1131C158BC800ECFEC9 /* Stuart.swift */; settings = {ASSET_TAGS = (); }; };
		49EE78D01C108AA80055BD4C /* PHObservable.swift in Sources */ = {isa = PBXBuildFile; fileRef = 49EE78CF1C108AA80055BD4C /* PHObservable.swift */; settings = {ASSET_TAGS = (); }; };
/* End PBXBuildFile section */

/* Begin PBXContainerItemProxy section */
		493748A81C0B35AC000C36E4 /* PBXContainerItemProxy */ = {
			isa = PBXContainerItemProxy;
			containerPortal = 4937488B1C0B35AC000C36E4 /* Project object */;
			proxyType = 1;
			remoteGlobalIDString = 493748921C0B35AC000C36E4;
			remoteInfo = PHEventsCenter;
		};
		493748B31C0B35AC000C36E4 /* PBXContainerItemProxy */ = {
			isa = PBXContainerItemProxy;
			containerPortal = 4937488B1C0B35AC000C36E4 /* Project object */;
			proxyType = 1;
			remoteGlobalIDString = 493748921C0B35AC000C36E4;
			remoteInfo = PHEventsCenter;
		};
/* End PBXContainerItemProxy section */

/* Begin PBXFileReference section */
		49205F6F1C0C92A200723E81 /* Test.swift */ = {isa = PBXFileReference; fileEncoding = 4; lastKnownFileType = sourcecode.swift; path = Test.swift; sourceTree = "<group>"; };
		493748931C0B35AC000C36E4 /* PHEventsCenter.app */ = {isa = PBXFileReference; explicitFileType = wrapper.application; includeInIndex = 0; path = PHEventsCenter.app; sourceTree = BUILT_PRODUCTS_DIR; };
		493748961C0B35AC000C36E4 /* AppDelegate.swift */ = {isa = PBXFileReference; lastKnownFileType = sourcecode.swift; path = AppDelegate.swift; sourceTree = "<group>"; };
		493748981C0B35AC000C36E4 /* ViewController.swift */ = {isa = PBXFileReference; lastKnownFileType = sourcecode.swift; path = ViewController.swift; sourceTree = "<group>"; };
		4937489B1C0B35AC000C36E4 /* Base */ = {isa = PBXFileReference; lastKnownFileType = file.storyboard; name = Base; path = Base.lproj/Main.storyboard; sourceTree = "<group>"; };
		4937489D1C0B35AC000C36E4 /* Assets.xcassets */ = {isa = PBXFileReference; lastKnownFileType = folder.assetcatalog; path = Assets.xcassets; sourceTree = "<group>"; };
		493748A01C0B35AC000C36E4 /* Base */ = {isa = PBXFileReference; lastKnownFileType = file.storyboard; name = Base; path = Base.lproj/LaunchScreen.storyboard; sourceTree = "<group>"; };
		493748A21C0B35AC000C36E4 /* Info.plist */ = {isa = PBXFileReference; lastKnownFileType = text.plist.xml; path = Info.plist; sourceTree = "<group>"; };
		493748A71C0B35AC000C36E4 /* PHEventsCenterTests.xctest */ = {isa = PBXFileReference; explicitFileType = wrapper.cfbundle; includeInIndex = 0; path = PHEventsCenterTests.xctest; sourceTree = BUILT_PRODUCTS_DIR; };
		493748AB1C0B35AC000C36E4 /* PHEventsCenterTests.swift */ = {isa = PBXFileReference; lastKnownFileType = sourcecode.swift; path = PHEventsCenterTests.swift; sourceTree = "<group>"; };
		493748AD1C0B35AC000C36E4 /* Info.plist */ = {isa = PBXFileReference; lastKnownFileType = text.plist.xml; path = Info.plist; sourceTree = "<group>"; };
		493748B21C0B35AC000C36E4 /* PHEventsCenterUITests.xctest */ = {isa = PBXFileReference; explicitFileType = wrapper.cfbundle; includeInIndex = 0; path = PHEventsCenterUITests.xctest; sourceTree = BUILT_PRODUCTS_DIR; };
		493748B61C0B35AC000C36E4 /* PHEventsCenterUITests.swift */ = {isa = PBXFileReference; lastKnownFileType = sourcecode.swift; path = PHEventsCenterUITests.swift; sourceTree = "<group>"; };
		493748B81C0B35AC000C36E4 /* Info.plist */ = {isa = PBXFileReference; lastKnownFileType = text.plist.xml; path = Info.plist; sourceTree = "<group>"; };
		493748C61C0B37D4000C36E4 /* PHEventsCenter.swift */ = {isa = PBXFileReference; fileEncoding = 4; lastKnownFileType = sourcecode.swift; path = PHEventsCenter.swift; sourceTree = "<group>"; };
		493748C81C0B37E3000C36E4 /* PHBasicEvent.swift */ = {isa = PBXFileReference; fileEncoding = 4; lastKnownFileType = sourcecode.swift; path = PHBasicEvent.swift; sourceTree = "<group>"; };
		493748CA1C0C457B000C36E4 /* Bob.swift */ = {isa = PBXFileReference; fileEncoding = 4; lastKnownFileType = sourcecode.swift; path = Bob.swift; sourceTree = "<group>"; };
		493748CC1C0C4585000C36E4 /* Kevin.swift */ = {isa = PBXFileReference; fileEncoding = 4; lastKnownFileType = sourcecode.swift; path = Kevin.swift; sourceTree = "<group>"; };
		493748D01C0C5FB5000C36E4 /* YourProjectEvents.swift */ = {isa = PBXFileReference; fileEncoding = 4; lastKnownFileType = sourcecode.swift; path = YourProjectEvents.swift; sourceTree = "<group>"; };
		493748D21C0C82EC000C36E4 /* PHEventCenterProtocols.swift */ = {isa = PBXFileReference; fileEncoding = 4; lastKnownFileType = sourcecode.swift; path = PHEventCenterProtocols.swift; sourceTree = "<group>"; };
		4938A1131C158BC800ECFEC9 /* Stuart.swift */ = {isa = PBXFileReference; fileEncoding = 4; lastKnownFileType = sourcecode.swift; path = Stuart.swift; sourceTree = "<group>"; };
		49EE78CF1C108AA80055BD4C /* PHObservable.swift */ = {isa = PBXFileReference; fileEncoding = 4; lastKnownFileType = sourcecode.swift; path = PHObservable.swift; sourceTree = "<group>"; };
/* End PBXFileReference section */

/* Begin PBXFrameworksBuildPhase section */
		493748901C0B35AC000C36E4 /* Frameworks */ = {
			isa = PBXFrameworksBuildPhase;
			buildActionMask = 2147483647;
			files = (
			);
			runOnlyForDeploymentPostprocessing = 0;
		};
		493748A41C0B35AC000C36E4 /* Frameworks */ = {
			isa = PBXFrameworksBuildPhase;
			buildActionMask = 2147483647;
			files = (
			);
			runOnlyForDeploymentPostprocessing = 0;
		};
		493748AF1C0B35AC000C36E4 /* Frameworks */ = {
			isa = PBXFrameworksBuildPhase;
			buildActionMask = 2147483647;
			files = (
			);
			runOnlyForDeploymentPostprocessing = 0;
		};
/* End PBXFrameworksBuildPhase section */

/* Begin PBXGroup section */
		4937488A1C0B35AC000C36E4 = {
			isa = PBXGroup;
			children = (
				493748951C0B35AC000C36E4 /* PHEventsCenter */,
				493748AA1C0B35AC000C36E4 /* PHEventsCenterTests */,
				493748B51C0B35AC000C36E4 /* PHEventsCenterUITests */,
				493748941C0B35AC000C36E4 /* Products */,
			);
			sourceTree = "<group>";
		};
		493748941C0B35AC000C36E4 /* Products */ = {
			isa = PBXGroup;
			children = (
				493748931C0B35AC000C36E4 /* PHEventsCenter.app */,
				493748A71C0B35AC000C36E4 /* PHEventsCenterTests.xctest */,
				493748B21C0B35AC000C36E4 /* PHEventsCenterUITests.xctest */,
			);
			name = Products;
			sourceTree = "<group>";
		};
		493748951C0B35AC000C36E4 /* PHEventsCenter */ = {
			isa = PBXGroup;
			children = (
				49EE78CE1C1070200055BD4C /* Observing */,
				493748C41C0B37B6000C36E4 /* EventsCenter */,
				493748C51C0B37B6000C36E4 /* Example */,
				493748961C0B35AC000C36E4 /* AppDelegate.swift */,
				493748981C0B35AC000C36E4 /* ViewController.swift */,
				4937489A1C0B35AC000C36E4 /* Main.storyboard */,
				4937489D1C0B35AC000C36E4 /* Assets.xcassets */,
				4937489F1C0B35AC000C36E4 /* LaunchScreen.storyboard */,
				493748A21C0B35AC000C36E4 /* Info.plist */,
			);
			path = PHEventsCenter;
			sourceTree = "<group>";
		};
		493748AA1C0B35AC000C36E4 /* PHEventsCenterTests */ = {
			isa = PBXGroup;
			children = (
				493748AB1C0B35AC000C36E4 /* PHEventsCenterTests.swift */,
				493748AD1C0B35AC000C36E4 /* Info.plist */,
			);
			path = PHEventsCenterTests;
			sourceTree = "<group>";
		};
		493748B51C0B35AC000C36E4 /* PHEventsCenterUITests */ = {
			isa = PBXGroup;
			children = (
				493748B61C0B35AC000C36E4 /* PHEventsCenterUITests.swift */,
				493748B81C0B35AC000C36E4 /* Info.plist */,
			);
			path = PHEventsCenterUITests;
			sourceTree = "<group>";
		};
		493748C41C0B37B6000C36E4 /* EventsCenter */ = {
			isa = PBXGroup;
			children = (
				493748C61C0B37D4000C36E4 /* PHEventsCenter.swift */,
				493748C81C0B37E3000C36E4 /* PHBasicEvent.swift */,
				493748D21C0C82EC000C36E4 /* PHEventCenterProtocols.swift */,
			);
			path = EventsCenter;
			sourceTree = "<group>";
		};
		493748C51C0B37B6000C36E4 /* Example */ = {
			isa = PBXGroup;
			children = (
				4938A1131C158BC800ECFEC9 /* Stuart.swift */,
				493748CA1C0C457B000C36E4 /* Bob.swift */,
				493748CC1C0C4585000C36E4 /* Kevin.swift */,
				493748D01C0C5FB5000C36E4 /* YourProjectEvents.swift */,
				49205F6F1C0C92A200723E81 /* Test.swift */,
			);
			path = Example;
			sourceTree = "<group>";
		};
		49EE78CE1C1070200055BD4C /* Observing */ = {
			isa = PBXGroup;
			children = (
				49EE78CF1C108AA80055BD4C /* PHObservable.swift */,
			);
			path = Observing;
			sourceTree = "<group>";
		};
/* End PBXGroup section */

/* Begin PBXNativeTarget section */
		493748921C0B35AC000C36E4 /* PHEventsCenter */ = {
			isa = PBXNativeTarget;
			buildConfigurationList = 493748BB1C0B35AC000C36E4 /* Build configuration list for PBXNativeTarget "PHEventsCenter" */;
			buildPhases = (
				4937488F1C0B35AC000C36E4 /* Sources */,
				493748901C0B35AC000C36E4 /* Frameworks */,
				493748911C0B35AC000C36E4 /* Resources */,
			);
			buildRules = (
			);
			dependencies = (
			);
			name = PHEventsCenter;
			productName = PHEventsCenter;
			productReference = 493748931C0B35AC000C36E4 /* PHEventsCenter.app */;
			productType = "com.apple.product-type.application";
		};
		493748A61C0B35AC000C36E4 /* PHEventsCenterTests */ = {
			isa = PBXNativeTarget;
			buildConfigurationList = 493748BE1C0B35AC000C36E4 /* Build configuration list for PBXNativeTarget "PHEventsCenterTests" */;
			buildPhases = (
				493748A31C0B35AC000C36E4 /* Sources */,
				493748A41C0B35AC000C36E4 /* Frameworks */,
				493748A51C0B35AC000C36E4 /* Resources */,
			);
			buildRules = (
			);
			dependencies = (
				493748A91C0B35AC000C36E4 /* PBXTargetDependency */,
			);
			name = PHEventsCenterTests;
			productName = PHEventsCenterTests;
			productReference = 493748A71C0B35AC000C36E4 /* PHEventsCenterTests.xctest */;
			productType = "com.apple.product-type.bundle.unit-test";
		};
		493748B11C0B35AC000C36E4 /* PHEventsCenterUITests */ = {
			isa = PBXNativeTarget;
			buildConfigurationList = 493748C11C0B35AC000C36E4 /* Build configuration list for PBXNativeTarget "PHEventsCenterUITests" */;
			buildPhases = (
				493748AE1C0B35AC000C36E4 /* Sources */,
				493748AF1C0B35AC000C36E4 /* Frameworks */,
				493748B01C0B35AC000C36E4 /* Resources */,
			);
			buildRules = (
			);
			dependencies = (
				493748B41C0B35AC000C36E4 /* PBXTargetDependency */,
			);
			name = PHEventsCenterUITests;
			productName = PHEventsCenterUITests;
			productReference = 493748B21C0B35AC000C36E4 /* PHEventsCenterUITests.xctest */;
			productType = "com.apple.product-type.bundle.ui-testing";
		};
/* End PBXNativeTarget section */

/* Begin PBXProject section */
		4937488B1C0B35AC000C36E4 /* Project object */ = {
			isa = PBXProject;
			attributes = {
				LastUpgradeCheck = 0700;
				ORGANIZATIONNAME = "Andrew Zhdanov";
				TargetAttributes = {
					493748921C0B35AC000C36E4 = {
						CreatedOnToolsVersion = 7.0.1;
					};
					493748A61C0B35AC000C36E4 = {
						CreatedOnToolsVersion = 7.0.1;
						TestTargetID = 493748921C0B35AC000C36E4;
					};
					493748B11C0B35AC000C36E4 = {
						CreatedOnToolsVersion = 7.0.1;
						TestTargetID = 493748921C0B35AC000C36E4;
					};
				};
			};
			buildConfigurationList = 4937488E1C0B35AC000C36E4 /* Build configuration list for PBXProject "PHEventsCenter" */;
			compatibilityVersion = "Xcode 3.2";
			developmentRegion = English;
			hasScannedForEncodings = 0;
			knownRegions = (
				en,
				Base,
			);
			mainGroup = 4937488A1C0B35AC000C36E4;
			productRefGroup = 493748941C0B35AC000C36E4 /* Products */;
			projectDirPath = "";
			projectRoot = "";
			targets = (
				493748921C0B35AC000C36E4 /* PHEventsCenter */,
				493748A61C0B35AC000C36E4 /* PHEventsCenterTests */,
				493748B11C0B35AC000C36E4 /* PHEventsCenterUITests */,
			);
		};
/* End PBXProject section */

/* Begin PBXResourcesBuildPhase section */
		493748911C0B35AC000C36E4 /* Resources */ = {
			isa = PBXResourcesBuildPhase;
			buildActionMask = 2147483647;
			files = (
				493748A11C0B35AC000C36E4 /* LaunchScreen.storyboard in Resources */,
				4937489E1C0B35AC000C36E4 /* Assets.xcassets in Resources */,
				4937489C1C0B35AC000C36E4 /* Main.storyboard in Resources */,
			);
			runOnlyForDeploymentPostprocessing = 0;
		};
		493748A51C0B35AC000C36E4 /* Resources */ = {
			isa = PBXResourcesBuildPhase;
			buildActionMask = 2147483647;
			files = (
			);
			runOnlyForDeploymentPostprocessing = 0;
		};
		493748B01C0B35AC000C36E4 /* Resources */ = {
			isa = PBXResourcesBuildPhase;
			buildActionMask = 2147483647;
			files = (
			);
			runOnlyForDeploymentPostprocessing = 0;
		};
/* End PBXResourcesBuildPhase section */

/* Begin PBXSourcesBuildPhase section */
		4937488F1C0B35AC000C36E4 /* Sources */ = {
			isa = PBXSourcesBuildPhase;
			buildActionMask = 2147483647;
			files = (
				493748C91C0B37E3000C36E4 /* PHBasicEvent.swift in Sources */,
				493748991C0B35AC000C36E4 /* ViewController.swift in Sources */,
				49205F701C0C92A200723E81 /* Test.swift in Sources */,
				493748CD1C0C4585000C36E4 /* Kevin.swift in Sources */,
				493748971C0B35AC000C36E4 /* AppDelegate.swift in Sources */,
				493748D11C0C5FB5000C36E4 /* YourProjectEvents.swift in Sources */,
				49EE78D01C108AA80055BD4C /* PHObservable.swift in Sources */,
				493748D31C0C82EC000C36E4 /* PHEventCenterProtocols.swift in Sources */,
				493748C71C0B37D4000C36E4 /* PHEventsCenter.swift in Sources */,
				4938A1141C158BC800ECFEC9 /* Stuart.swift in Sources */,
				493748CB1C0C457B000C36E4 /* Bob.swift in Sources */,
			);
			runOnlyForDeploymentPostprocessing = 0;
		};
		493748A31C0B35AC000C36E4 /* Sources */ = {
			isa = PBXSourcesBuildPhase;
			buildActionMask = 2147483647;
			files = (
				493748AC1C0B35AC000C36E4 /* PHEventsCenterTests.swift in Sources */,
			);
			runOnlyForDeploymentPostprocessing = 0;
		};
		493748AE1C0B35AC000C36E4 /* Sources */ = {
			isa = PBXSourcesBuildPhase;
			buildActionMask = 2147483647;
			files = (
				493748B71C0B35AC000C36E4 /* PHEventsCenterUITests.swift in Sources */,
			);
			runOnlyForDeploymentPostprocessing = 0;
		};
/* End PBXSourcesBuildPhase section */

/* Begin PBXTargetDependency section */
		493748A91C0B35AC000C36E4 /* PBXTargetDependency */ = {
			isa = PBXTargetDependency;
			target = 493748921C0B35AC000C36E4 /* PHEventsCenter */;
			targetProxy = 493748A81C0B35AC000C36E4 /* PBXContainerItemProxy */;
		};
		493748B41C0B35AC000C36E4 /* PBXTargetDependency */ = {
			isa = PBXTargetDependency;
			target = 493748921C0B35AC000C36E4 /* PHEventsCenter */;
			targetProxy = 493748B31C0B35AC000C36E4 /* PBXContainerItemProxy */;
		};
/* End PBXTargetDependency section */

/* Begin PBXVariantGroup section */
		4937489A1C0B35AC000C36E4 /* Main.storyboard */ = {
			isa = PBXVariantGroup;
			children = (
				4937489B1C0B35AC000C36E4 /* Base */,
			);
			name = Main.storyboard;
			sourceTree = "<group>";
		};
		4937489F1C0B35AC000C36E4 /* LaunchScreen.storyboard */ = {
			isa = PBXVariantGroup;
			children = (
				493748A01C0B35AC000C36E4 /* Base */,
			);
			name = LaunchScreen.storyboard;
			sourceTree = "<group>";
		};
/* End PBXVariantGroup section */

/* Begin XCBuildConfiguration section */
		493748B91C0B35AC000C36E4 /* Debug */ = {
			isa = XCBuildConfiguration;
			buildSettings = {
				ALWAYS_SEARCH_USER_PATHS = NO;
				CLANG_CXX_LANGUAGE_STANDARD = "gnu++0x";
				CLANG_CXX_LIBRARY = "libc++";
				CLANG_ENABLE_MODULES = YES;
				CLANG_ENABLE_OBJC_ARC = YES;
				CLANG_WARN_BOOL_CONVERSION = YES;
				CLANG_WARN_CONSTANT_CONVERSION = YES;
				CLANG_WARN_DIRECT_OBJC_ISA_USAGE = YES_ERROR;
				CLANG_WARN_EMPTY_BODY = YES;
				CLANG_WARN_ENUM_CONVERSION = YES;
				CLANG_WARN_INT_CONVERSION = YES;
				CLANG_WARN_OBJC_ROOT_CLASS = YES_ERROR;
				CLANG_WARN_UNREACHABLE_CODE = YES;
				CLANG_WARN__DUPLICATE_METHOD_MATCH = YES;
				"CODE_SIGN_IDENTITY[sdk=iphoneos*]" = "iPhone Developer";
				COPY_PHASE_STRIP = NO;
				DEBUG_INFORMATION_FORMAT = dwarf;
				ENABLE_STRICT_OBJC_MSGSEND = YES;
				ENABLE_TESTABILITY = YES;
				GCC_C_LANGUAGE_STANDARD = gnu99;
				GCC_DYNAMIC_NO_PIC = NO;
				GCC_NO_COMMON_BLOCKS = YES;
				GCC_OPTIMIZATION_LEVEL = 0;
				GCC_PREPROCESSOR_DEFINITIONS = (
					"DEBUG=1",
					"$(inherited)",
				);
				GCC_WARN_64_TO_32_BIT_CONVERSION = YES;
				GCC_WARN_ABOUT_RETURN_TYPE = YES_ERROR;
				GCC_WARN_UNDECLARED_SELECTOR = YES;
				GCC_WARN_UNINITIALIZED_AUTOS = YES_AGGRESSIVE;
				GCC_WARN_UNUSED_FUNCTION = YES;
				GCC_WARN_UNUSED_VARIABLE = YES;
				IPHONEOS_DEPLOYMENT_TARGET = 9.0;
				MTL_ENABLE_DEBUG_INFO = YES;
				ONLY_ACTIVE_ARCH = YES;
				SDKROOT = iphoneos;
				SWIFT_OPTIMIZATION_LEVEL = "-Onone";
				TARGETED_DEVICE_FAMILY = "1,2";
			};
			name = Debug;
		};
		493748BA1C0B35AC000C36E4 /* Release */ = {
			isa = XCBuildConfiguration;
			buildSettings = {
				ALWAYS_SEARCH_USER_PATHS = NO;
				CLANG_CXX_LANGUAGE_STANDARD = "gnu++0x";
				CLANG_CXX_LIBRARY = "libc++";
				CLANG_ENABLE_MODULES = YES;
				CLANG_ENABLE_OBJC_ARC = YES;
				CLANG_WARN_BOOL_CONVERSION = YES;
				CLANG_WARN_CONSTANT_CONVERSION = YES;
				CLANG_WARN_DIRECT_OBJC_ISA_USAGE = YES_ERROR;
				CLANG_WARN_EMPTY_BODY = YES;
				CLANG_WARN_ENUM_CONVERSION = YES;
				CLANG_WARN_INT_CONVERSION = YES;
				CLANG_WARN_OBJC_ROOT_CLASS = YES_ERROR;
				CLANG_WARN_UNREACHABLE_CODE = YES;
				CLANG_WARN__DUPLICATE_METHOD_MATCH = YES;
				"CODE_SIGN_IDENTITY[sdk=iphoneos*]" = "iPhone Developer";
				COPY_PHASE_STRIP = NO;
				DEBUG_INFORMATION_FORMAT = "dwarf-with-dsym";
				ENABLE_NS_ASSERTIONS = NO;
				ENABLE_STRICT_OBJC_MSGSEND = YES;
				GCC_C_LANGUAGE_STANDARD = gnu99;
				GCC_NO_COMMON_BLOCKS = YES;
				GCC_WARN_64_TO_32_BIT_CONVERSION = YES;
				GCC_WARN_ABOUT_RETURN_TYPE = YES_ERROR;
				GCC_WARN_UNDECLARED_SELECTOR = YES;
				GCC_WARN_UNINITIALIZED_AUTOS = YES_AGGRESSIVE;
				GCC_WARN_UNUSED_FUNCTION = YES;
				GCC_WARN_UNUSED_VARIABLE = YES;
				IPHONEOS_DEPLOYMENT_TARGET = 9.0;
				MTL_ENABLE_DEBUG_INFO = NO;
				SDKROOT = iphoneos;
				TARGETED_DEVICE_FAMILY = "1,2";
				VALIDATE_PRODUCT = YES;
			};
			name = Release;
		};
		493748BC1C0B35AC000C36E4 /* Debug */ = {
			isa = XCBuildConfiguration;
			buildSettings = {
				ASSETCATALOG_COMPILER_APPICON_NAME = AppIcon;
				INFOPLIST_FILE = PHEventsCenter/Info.plist;
				LD_RUNPATH_SEARCH_PATHS = "$(inherited) @executable_path/Frameworks";
				PRODUCT_BUNDLE_IDENTIFIER = AZ.PHEventsCenter;
				PRODUCT_NAME = "$(TARGET_NAME)";
			};
			name = Debug;
		};
		493748BD1C0B35AC000C36E4 /* Release */ = {
			isa = XCBuildConfiguration;
			buildSettings = {
				ASSETCATALOG_COMPILER_APPICON_NAME = AppIcon;
				INFOPLIST_FILE = PHEventsCenter/Info.plist;
				LD_RUNPATH_SEARCH_PATHS = "$(inherited) @executable_path/Frameworks";
				PRODUCT_BUNDLE_IDENTIFIER = AZ.PHEventsCenter;
				PRODUCT_NAME = "$(TARGET_NAME)";
			};
			name = Release;
		};
		493748BF1C0B35AC000C36E4 /* Debug */ = {
			isa = XCBuildConfiguration;
			buildSettings = {
				BUNDLE_LOADER = "$(TEST_HOST)";
				INFOPLIST_FILE = PHEventsCenterTests/Info.plist;
				LD_RUNPATH_SEARCH_PATHS = "$(inherited) @executable_path/Frameworks @loader_path/Frameworks";
				PRODUCT_BUNDLE_IDENTIFIER = AZ.PHEventsCenterTests;
				PRODUCT_NAME = "$(TARGET_NAME)";
				TEST_HOST = "$(BUILT_PRODUCTS_DIR)/PHEventsCenter.app/PHEventsCenter";
			};
			name = Debug;
		};
		493748C01C0B35AC000C36E4 /* Release */ = {
			isa = XCBuildConfiguration;
			buildSettings = {
				BUNDLE_LOADER = "$(TEST_HOST)";
				INFOPLIST_FILE = PHEventsCenterTests/Info.plist;
				LD_RUNPATH_SEARCH_PATHS = "$(inherited) @executable_path/Frameworks @loader_path/Frameworks";
				PRODUCT_BUNDLE_IDENTIFIER = AZ.PHEventsCenterTests;
				PRODUCT_NAME = "$(TARGET_NAME)";
				TEST_HOST = "$(BUILT_PRODUCTS_DIR)/PHEventsCenter.app/PHEventsCenter";
			};
			name = Release;
		};
		493748C21C0B35AC000C36E4 /* Debug */ = {
			isa = XCBuildConfiguration;
			buildSettings = {
				INFOPLIST_FILE = PHEventsCenterUITests/Info.plist;
				LD_RUNPATH_SEARCH_PATHS = "$(inherited) @executable_path/Frameworks @loader_path/Frameworks";
				PRODUCT_BUNDLE_IDENTIFIER = AZ.PHEventsCenterUITests;
				PRODUCT_NAME = "$(TARGET_NAME)";
				TEST_TARGET_NAME = PHEventsCenter;
				USES_XCTRUNNER = YES;
			};
			name = Debug;
		};
		493748C31C0B35AC000C36E4 /* Release */ = {
			isa = XCBuildConfiguration;
			buildSettings = {
				INFOPLIST_FILE = PHEventsCenterUITests/Info.plist;
				LD_RUNPATH_SEARCH_PATHS = "$(inherited) @executable_path/Frameworks @loader_path/Frameworks";
				PRODUCT_BUNDLE_IDENTIFIER = AZ.PHEventsCenterUITests;
				PRODUCT_NAME = "$(TARGET_NAME)";
				TEST_TARGET_NAME = PHEventsCenter;
				USES_XCTRUNNER = YES;
			};
			name = Release;
		};
/* End XCBuildConfiguration section */

/* Begin XCConfigurationList section */
		4937488E1C0B35AC000C36E4 /* Build configuration list for PBXProject "PHEventsCenter" */ = {
			isa = XCConfigurationList;
			buildConfigurations = (
				493748B91C0B35AC000C36E4 /* Debug */,
				493748BA1C0B35AC000C36E4 /* Release */,
			);
			defaultConfigurationIsVisible = 0;
			defaultConfigurationName = Release;
		};
		493748BB1C0B35AC000C36E4 /* Build configuration list for PBXNativeTarget "PHEventsCenter" */ = {
			isa = XCConfigurationList;
			buildConfigurations = (
				493748BC1C0B35AC000C36E4 /* Debug */,
				493748BD1C0B35AC000C36E4 /* Release */,
			);
			defaultConfigurationIsVisible = 0;
			defaultConfigurationName = Release;
		};
		493748BE1C0B35AC000C36E4 /* Build configuration list for PBXNativeTarget "PHEventsCenterTests" */ = {
			isa = XCConfigurationList;
			buildConfigurations = (
				493748BF1C0B35AC000C36E4 /* Debug */,
				493748C01C0B35AC000C36E4 /* Release */,
			);
			defaultConfigurationIsVisible = 0;
			defaultConfigurationName = Release;
		};
		493748C11C0B35AC000C36E4 /* Build configuration list for PBXNativeTarget "PHEventsCenterUITests" */ = {
			isa = XCConfigurationList;
			buildConfigurations = (
				493748C21C0B35AC000C36E4 /* Debug */,
				493748C31C0B35AC000C36E4 /* Release */,
			);
			defaultConfigurationIsVisible = 0;
			defaultConfigurationName = Release;
		};
/* End XCConfigurationList section */
	};
	rootObject = 4937488B1C0B35AC000C36E4 /* Project object */;
}
